// !$*UTF8*$!
{
	archiveVersion = 1;
	classes = {
	};
	objectVersion = 46;
	objects = {

/* Begin PBXBuildFile section */
		610A9BC61D0B025D00607593 /* tomatoTableViewCell.swift in Sources */ = {isa = PBXBuildFile; fileRef = 610A9BC51D0B025D00607593 /* tomatoTableViewCell.swift */; };
		61CA626C1D09A4DD00338C0B /* photoOperations.swift in Sources */ = {isa = PBXBuildFile; fileRef = 61CA626B1D09A4DD00338C0B /* photoOperations.swift */; };
		61DB80721D08B56C0027D2B3 /* AppDelegate.swift in Sources */ = {isa = PBXBuildFile; fileRef = 61DB80711D08B56C0027D2B3 /* AppDelegate.swift */; };
		61DB80741D08B56C0027D2B3 /* ViewController.swift in Sources */ = {isa = PBXBuildFile; fileRef = 61DB80731D08B56C0027D2B3 /* ViewController.swift */; };
		61DB80771D08B56C0027D2B3 /* Main.storyboard in Resources */ = {isa = PBXBuildFile; fileRef = 61DB80751D08B56C0027D2B3 /* Main.storyboard */; };
		61DB807A1D08B56C0027D2B3 /* rotten.xcdatamodeld in Sources */ = {isa = PBXBuildFile; fileRef = 61DB80781D08B56C0027D2B3 /* rotten.xcdatamodeld */; };
		61DB807C1D08B56C0027D2B3 /* Assets.xcassets in Resources */ = {isa = PBXBuildFile; fileRef = 61DB807B1D08B56C0027D2B3 /* Assets.xcassets */; };
		61DB807F1D08B56C0027D2B3 /* LaunchScreen.storyboard in Resources */ = {isa = PBXBuildFile; fileRef = 61DB807D1D08B56C0027D2B3 /* LaunchScreen.storyboard */; };
/* End PBXBuildFile section */

/* Begin PBXFileReference section */
		610A9BC51D0B025D00607593 /* tomatoTableViewCell.swift */ = {isa = PBXFileReference; fileEncoding = 4; lastKnownFileType = sourcecode.swift; path = tomatoTableViewCell.swift; sourceTree = "<group>"; };
		61CA626B1D09A4DD00338C0B /* photoOperations.swift */ = {isa = PBXFileReference; fileEncoding = 4; lastKnownFileType = sourcecode.swift; path = photoOperations.swift; sourceTree = "<group>"; };
		61DB806E1D08B56C0027D2B3 /* rotten.app */ = {isa = PBXFileReference; explicitFileType = wrapper.application; includeInIndex = 0; path = rotten.app; sourceTree = BUILT_PRODUCTS_DIR; };
		61DB80711D08B56C0027D2B3 /* AppDelegate.swift */ = {isa = PBXFileReference; lastKnownFileType = sourcecode.swift; path = AppDelegate.swift; sourceTree = "<group>"; };
		61DB80731D08B56C0027D2B3 /* ViewController.swift */ = {isa = PBXFileReference; lastKnownFileType = sourcecode.swift; path = ViewController.swift; sourceTree = "<group>"; };
		61DB80761D08B56C0027D2B3 /* Base */ = {isa = PBXFileReference; lastKnownFileType = file.storyboard; name = Base; path = Base.lproj/Main.storyboard; sourceTree = "<group>"; };
		61DB80791D08B56C0027D2B3 /* rotten.xcdatamodel */ = {isa = PBXFileReference; lastKnownFileType = wrapper.xcdatamodel; path = rotten.xcdatamodel; sourceTree = "<group>"; };
		61DB807B1D08B56C0027D2B3 /* Assets.xcassets */ = {isa = PBXFileReference; lastKnownFileType = folder.assetcatalog; path = Assets.xcassets; sourceTree = "<group>"; };
		61DB807E1D08B56C0027D2B3 /* Base */ = {isa = PBXFileReference; lastKnownFileType = file.storyboard; name = Base; path = Base.lproj/LaunchScreen.storyboard; sourceTree = "<group>"; };
		61DB80801D08B56C0027D2B3 /* Info.plist */ = {isa = PBXFileReference; lastKnownFileType = text.plist.xml; path = Info.plist; sourceTree = "<group>"; };
/* End PBXFileReference section */

/* Begin PBXFrameworksBuildPhase section */
		61DB806B1D08B56C0027D2B3 /* Frameworks */ = {
			isa = PBXFrameworksBuildPhase;
			buildActionMask = 2147483647;
			files = (
			);
			runOnlyForDeploymentPostprocessing = 0;
		};
/* End PBXFrameworksBuildPhase section */

/* Begin PBXGroup section */
		610A9BC41D0B022900607593 /* PictureFeed */ = {
			isa = PBXGroup;
			children = (
				61DB80731D08B56C0027D2B3 /* ViewController.swift */,
				610A9BC51D0B025D00607593 /* tomatoTableViewCell.swift */,
			);
			name = PictureFeed;
			sourceTree = "<group>";
		};
		610A9BC71D0B057100607593 /* Setup */ = {
			isa = PBXGroup;
			children = (
				61CA626B1D09A4DD00338C0B /* photoOperations.swift */,
				61DB80711D08B56C0027D2B3 /* AppDelegate.swift */,
			);
			name = Setup;
			sourceTree = "<group>";
		};
		61DB80651D08B56C0027D2B3 = {
			isa = PBXGroup;
			children = (
				61DB80701D08B56C0027D2B3 /* rotten */,
				61DB806F1D08B56C0027D2B3 /* Products */,
			);
			sourceTree = "<group>";
		};
		61DB806F1D08B56C0027D2B3 /* Products */ = {
			isa = PBXGroup;
			children = (
				61DB806E1D08B56C0027D2B3 /* rotten.app */,
			);
			name = Products;
			sourceTree = "<group>";
		};
		61DB80701D08B56C0027D2B3 /* rotten */ = {
			isa = PBXGroup;
			children = (
				610A9BC71D0B057100607593 /* Setup */,
				610A9BC41D0B022900607593 /* PictureFeed */,
				61DB80751D08B56C0027D2B3 /* Main.storyboard */,
				61DB807B1D08B56C0027D2B3 /* Assets.xcassets */,
				61DB807D1D08B56C0027D2B3 /* LaunchScreen.storyboard */,
				61DB80801D08B56C0027D2B3 /* Info.plist */,
				61DB80781D08B56C0027D2B3 /* rotten.xcdatamodeld */,
			);
			path = rotten;
			sourceTree = "<group>";
		};
/* End PBXGroup section */

/* Begin PBXNativeTarget section */
		61DB806D1D08B56C0027D2B3 /* rotten */ = {
			isa = PBXNativeTarget;
			buildConfigurationList = 61DB80831D08B56C0027D2B3 /* Build configuration list for PBXNativeTarget "rotten" */;
			buildPhases = (
				61DB806A1D08B56C0027D2B3 /* Sources */,
				61DB806B1D08B56C0027D2B3 /* Frameworks */,
				61DB806C1D08B56C0027D2B3 /* Resources */,
			);
			buildRules = (
			);
			dependencies = (
			);
			name = rotten;
			productName = rotten;
			productReference = 61DB806E1D08B56C0027D2B3 /* rotten.app */;
			productType = "com.apple.product-type.application";
		};
/* End PBXNativeTarget section */

/* Begin PBXProject section */
		61DB80661D08B56C0027D2B3 /* Project object */ = {
			isa = PBXProject;
			attributes = {
				LastSwiftUpdateCheck = 0730;
				LastUpgradeCheck = 0730;
				ORGANIZATIONNAME = kareem;
				TargetAttributes = {
					61DB806D1D08B56C0027D2B3 = {
						CreatedOnToolsVersion = 7.3.1;
					};
				};
			};
			buildConfigurationList = 61DB80691D08B56C0027D2B3 /* Build configuration list for PBXProject "rotten" */;
			compatibilityVersion = "Xcode 3.2";
			developmentRegion = English;
			hasScannedForEncodings = 0;
			knownRegions = (
				en,
				Base,
			);
			mainGroup = 61DB80651D08B56C0027D2B3;
			productRefGroup = 61DB806F1D08B56C0027D2B3 /* Products */;
			projectDirPath = "";
			projectRoot = "";
			targets = (
				61DB806D1D08B56C0027D2B3 /* rotten */,
			);
		};
/* End PBXProject section */

/* Begin PBXResourcesBuildPhase section */
		61DB806C1D08B56C0027D2B3 /* Resources */ = {
			isa = PBXResourcesBuildPhase;
			buildActionMask = 2147483647;
			files = (
				61DB807F1D08B56C0027D2B3 /* LaunchScreen.storyboard in Resources */,
				61DB807C1D08B56C0027D2B3 /* Assets.xcassets in Resources */,
				61DB80771D08B56C0027D2B3 /* Main.storyboard in Resources */,
			);
			runOnlyForDeploymentPostprocessing = 0;
		};
/* End PBXResourcesBuildPhase section */

/* Begin PBXSourcesBuildPhase section */
		61DB806A1D08B56C0027D2B3 /* Sources */ = {
			isa = PBXSourcesBuildPhase;
			buildActionMask = 2147483647;
			files = (
				61DB80741D08B56C0027D2B3 /* ViewController.swift in Sources */,
				61DB80721D08B56C0027D2B3 /* AppDelegate.swift in Sources */,
				61CA626C1D09A4DD00338C0B /* photoOperations.swift in Sources */,
				610A9BC61D0B025D00607593 /* tomatoTableViewCell.swift in Sources */,
				61DB807A1D08B56C0027D2B3 /* rotten.xcdatamodeld in Sources */,
			);
			runOnlyForDeploymentPostprocessing = 0;
		};
/* End PBXSourcesBuildPhase section */

/* Begin PBXVariantGroup section */
		61DB80751D08B56C0027D2B3 /* Main.storyboard */ = {
			isa = PBXVariantGroup;
			children = (
				61DB80761D08B56C0027D2B3 /* Base */,
			);
			name = Main.storyboard;
			sourceTree = "<group>";
		};
		61DB807D1D08B56C0027D2B3 /* LaunchScreen.storyboard */ = {
			isa = PBXVariantGroup;
			children = (
				61DB807E1D08B56C0027D2B3 /* Base */,
			);
			name = LaunchScreen.storyboard;
			sourceTree = "<group>";
		};
/* End PBXVariantGroup section */

/* Begin XCBuildConfiguration section */
		61DB80811D08B56C0027D2B3 /* Debug */ = {
			isa = XCBuildConfiguration;
			buildSettings = {
				ALWAYS_SEARCH_USER_PATHS = NO;
				CLANG_ANALYZER_NONNULL = YES;
				CLANG_CXX_LANGUAGE_STANDARD = "gnu++0x";
				CLANG_CXX_LIBRARY = "libc++";
				CLANG_ENABLE_MODULES = YES;
				CLANG_ENABLE_OBJC_ARC = YES;
				CLANG_WARN_BOOL_CONVERSION = YES;
				CLANG_WARN_CONSTANT_CONVERSION = YES;
				CLANG_WARN_DIRECT_OBJC_ISA_USAGE = YES_ERROR;
				CLANG_WARN_EMPTY_BODY = YES;
				CLANG_WARN_ENUM_CONVERSION = YES;
				CLANG_WARN_INT_CONVERSION = YES;
				CLANG_WARN_OBJC_ROOT_CLASS = YES_ERROR;
				CLANG_WARN_UNREACHABLE_CODE = YES;
				CLANG_WARN__DUPLICATE_METHOD_MATCH = YES;
				"CODE_SIGN_IDENTITY[sdk=iphoneos*]" = "iPhone Developer";
				COPY_PHASE_STRIP = NO;
				DEBUG_INFORMATION_FORMAT = dwarf;
				ENABLE_STRICT_OBJC_MSGSEND = YES;
				ENABLE_TESTABILITY = YES;
				GCC_C_LANGUAGE_STANDARD = gnu99;
				GCC_DYNAMIC_NO_PIC = NO;
				GCC_NO_COMMON_BLOCKS = YES;
				GCC_OPTIMIZATION_LEVEL = 0;
				GCC_PREPROCESSOR_DEFINITIONS = (
					"DEBUG=1",
					"$(inherited)",
				);
				GCC_WARN_64_TO_32_BIT_CONVERSION = YES;
				GCC_WARN_ABOUT_RETURN_TYPE = YES_ERROR;
				GCC_WARN_UNDECLARED_SELECTOR = YES;
				GCC_WARN_UNINITIALIZED_AUTOS = YES_AGGRESSIVE;
				GCC_WARN_UNUSED_FUNCTION = YES;
				GCC_WARN_UNUSED_VARIABLE = YES;
				IPHONEOS_DEPLOYMENT_TARGET = 9.3;
				MTL_ENABLE_DEBUG_INFO = YES;
				ONLY_ACTIVE_ARCH = YES;
				SDKROOT = iphoneos;
				SWIFT_OPTIMIZATION_LEVEL = "-Onone";
			};
			name = Debug;
		};
		61DB80821D08B56C0027D2B3 /* Release */ = {
			isa = XCBuildConfiguration;
			buildSettings = {
				ALWAYS_SEARCH_USER_PATHS = NO;
				CLANG_ANALYZER_NONNULL = YES;
				CLANG_CXX_LANGUAGE_STANDARD = "gnu++0x";
				CLANG_CXX_LIBRARY = "libc++";
				CLANG_ENABLE_MODULES = YES;
				CLANG_ENABLE_OBJC_ARC = YES;
				CLANG_WARN_BOOL_CONVERSION = YES;
				CLANG_WARN_CONSTANT_CONVERSION = YES;
				CLANG_WARN_DIRECT_OBJC_ISA_USAGE = YES_ERROR;
				CLANG_WARN_EMPTY_BODY = YES;
				CLANG_WARN_ENUM_CONVERSION = YES;
				CLANG_WARN_INT_CONVERSION = YES;
				CLANG_WARN_OBJC_ROOT_CLASS = YES_ERROR;
				CLANG_WARN_UNREACHABLE_CODE = YES;
				CLANG_WARN__DUPLICATE_METHOD_MATCH = YES;
				"CODE_SIGN_IDENTITY[sdk=iphoneos*]" = "iPhone Developer";
				COPY_PHASE_STRIP = NO;
				DEBUG_INFORMATION_FORMAT = "dwarf-with-dsym";
				ENABLE_NS_ASSERTIONS = NO;
				ENABLE_STRICT_OBJC_MSGSEND = YES;
				GCC_C_LANGUAGE_STANDARD = gnu99;
				GCC_NO_COMMON_BLOCKS = YES;
				GCC_WARN_64_TO_32_BIT_CONVERSION = YES;
				GCC_WARN_ABOUT_RETURN_TYPE = YES_ERROR;
				GCC_WARN_UNDECLARED_SELECTOR = YES;
				GCC_WARN_UNINITIALIZED_AUTOS = YES_AGGRESSIVE;
				GCC_WARN_UNUSED_FUNCTION = YES;
				GCC_WARN_UNUSED_VARIABLE = YES;
				IPHONEOS_DEPLOYMENT_TARGET = 9.3;
				MTL_ENABLE_DEBUG_INFO = NO;
				SDKROOT = iphoneos;
				VALIDATE_PRODUCT = YES;
			};
			name = Release;
		};
		61DB80841D08B56C0027D2B3 /* Debug */ = {
			isa = XCBuildConfiguration;
			buildSettings = {
				ASSETCATALOG_COMPILER_APPICON_NAME = AppIcon;
				INFOPLIST_FILE = rotten/Info.plist;
				LD_RUNPATH_SEARCH_PATHS = "$(inherited) @executable_path/Frameworks";
				PRODUCT_BUNDLE_IDENTIFIER = com.juice.rotten;
				PRODUCT_NAME = "$(TARGET_NAME)";
			};
			name = Debug;
		};
		61DB80851D08B56C0027D2B3 /* Release */ = {
			isa = XCBuildConfiguration;
			buildSettings = {
				ASSETCATALOG_COMPILER_APPICON_NAME = AppIcon;
				INFOPLIST_FILE = rotten/Info.plist;
				LD_RUNPATH_SEARCH_PATHS = "$(inherited) @executable_path/Frameworks";
				PRODUCT_BUNDLE_IDENTIFIER = com.juice.rotten;
				PRODUCT_NAME = "$(TARGET_NAME)";
			};
			name = Release;
		};
/* End XCBuildConfiguration section */

/* Begin XCConfigurationList section */
		61DB80691D08B56C0027D2B3 /* Build configuration list for PBXProject "rotten" */ = {
			isa = XCConfigurationList;
			buildConfigurations = (
				61DB80811D08B56C0027D2B3 /* Debug */,
				61DB80821D08B56C0027D2B3 /* Release */,
			);
			defaultConfigurationIsVisible = 0;
			defaultConfigurationName = Release;
		};
		61DB80831D08B56C0027D2B3 /* Build configuration list for PBXNativeTarget "rotten" */ = {
			isa = XCConfigurationList;
			buildConfigurations = (
				61DB80841D08B56C0027D2B3 /* Debug */,
				61DB80851D08B56C0027D2B3 /* Release */,
			);
			defaultConfigurationIsVisible = 0;
			defaultConfigurationName = Release;
		};
/* End XCConfigurationList section */

/* Begin XCVersionGroup section */
		61DB80781D08B56C0027D2B3 /* rotten.xcdatamodeld */ = {
			isa = XCVersionGroup;
			children = (
				61DB80791D08B56C0027D2B3 /* rotten.xcdatamodel */,
			);
			currentVersion = 61DB80791D08B56C0027D2B3 /* rotten.xcdatamodel */;
			path = rotten.xcdatamodeld;
			sourceTree = "<group>";
			versionGroupType = wrapper.xcdatamodel;
		};
/* End XCVersionGroup section */
	};
	rootObject = 61DB80661D08B56C0027D2B3 /* Project object */;
}
